
Microsoft Visual Studio Solution File, Format Version 12.00
# Visual Studio Version 17
VisualStudioVersion = 17.9.34714.143
MinimumVisualStudioVersion = 10.0.40219.1
Project("{9A19103F-16F7-4668-BE54-9A1E7A4F7556}") = "20240423", "20240423\20240423.csproj", "{ED6A91BD-1FCE-4533-9E8F-34DE0EF89425}"
EndProject
Project("{FAE04EC0-301F-11D3-BF4B-00C04F79EFBC}") = "20240507", "20240507\20240507.csproj", "{5F5935C6-0DAC-47B0-8649-F5D3176DD322}"
EndProject
Global
	GlobalSection(SolutionConfigurationPlatforms) = preSolution
		Debug|Any CPU = Debug|Any CPU
		Release|Any CPU = Release|Any CPU
	EndGlobalSection
	GlobalSection(ProjectConfigurationPlatforms) = postSolution
		{ED6A91BD-1FCE-4533-9E8F-34DE0EF89425}.Debug|Any CPU.ActiveCfg = Debug|Any CPU
		{ED6A91BD-1FCE-4533-9E8F-34DE0EF89425}.Debug|Any CPU.Build.0 = Debug|Any CPU
		{ED6A91BD-1FCE-4533-9E8F-34DE0EF89425}.Release|Any CPU.ActiveCfg = Release|Any CPU
		{ED6A91BD-1FCE-4533-9E8F-34DE0EF89425}.Release|Any CPU.Build.0 = Release|Any CPU
		{5F5935C6-0DAC-47B0-8649-F5D3176DD322}.Debug|Any CPU.ActiveCfg = Debug|Any CPU
		{5F5935C6-0DAC-47B0-8649-F5D3176DD322}.Debug|Any CPU.Build.0 = Debug|Any CPU
		{5F5935C6-0DAC-47B0-8649-F5D3176DD322}.Release|Any CPU.ActiveCfg = Release|Any CPU
		{5F5935C6-0DAC-47B0-8649-F5D3176DD322}.Release|Any CPU.Build.0 = Release|Any CPU
	EndGlobalSection
	GlobalSection(SolutionProperties) = preSolution
		HideSolutionNode = FALSE
	EndGlobalSection
	GlobalSection(ExtensibilityGlobals) = postSolution
		SolutionGuid = {A3BD8AD9-81C1-4E07-BE6A-B91FC4774EF0}
	EndGlobalSection
EndGlobal
